// !$*UTF8*$!
{
	archiveVersion = 1;
	classes = {
	};
	objectVersion = 46;
	objects = {

/* Begin PBXBuildFile section */
		5F101A701F3A9A5A00E7E4F5 /* SAMKeychain.m in Sources */ = {isa = PBXBuildFile; fileRef = 5F101A6D1F3A9A5A00E7E4F5 /* SAMKeychain.m */; };
		5F101A711F3A9A5A00E7E4F5 /* SAMKeychainQuery.m in Sources */ = {isa = PBXBuildFile; fileRef = 5F101A6F1F3A9A5A00E7E4F5 /* SAMKeychainQuery.m */; };
		5F38954A1F301C0F008AD6E3 /* main.m in Sources */ = {isa = PBXBuildFile; fileRef = 5F3895491F301C0F008AD6E3 /* main.m */; };
		5F38954D1F301C0F008AD6E3 /* AppDelegate.m in Sources */ = {isa = PBXBuildFile; fileRef = 5F38954C1F301C0F008AD6E3 /* AppDelegate.m */; };
		5F3895501F301C0F008AD6E3 /* ViewController.m in Sources */ = {isa = PBXBuildFile; fileRef = 5F38954F1F301C0F008AD6E3 /* ViewController.m */; };
		5F3895531F301C0F008AD6E3 /* Main.storyboard in Resources */ = {isa = PBXBuildFile; fileRef = 5F3895511F301C0F008AD6E3 /* Main.storyboard */; };
		5F3895551F301C0F008AD6E3 /* Assets.xcassets in Resources */ = {isa = PBXBuildFile; fileRef = 5F3895541F301C0F008AD6E3 /* Assets.xcassets */; };
		5F3895581F301C0F008AD6E3 /* LaunchScreen.storyboard in Resources */ = {isa = PBXBuildFile; fileRef = 5F3895561F301C0F008AD6E3 /* LaunchScreen.storyboard */; };
		5F3895611F301D2A008AD6E3 /* UIDevice+Device.m in Sources */ = {isa = PBXBuildFile; fileRef = 5F3895601F301D2A008AD6E3 /* UIDevice+Device.m */; };
		5F3895671F304D9D008AD6E3 /* CoreTelephony.framework in Frameworks */ = {isa = PBXBuildFile; fileRef = 5F3895661F304D9D008AD6E3 /* CoreTelephony.framework */; };
		5F38956B1F307D40008AD6E3 /* AddressBook.framework in Frameworks */ = {isa = PBXBuildFile; fileRef = 5F38956A1F307D40008AD6E3 /* AddressBook.framework */; };
/* End PBXBuildFile section */

/* Begin PBXFileReference section */
		5F101A691F3A99DA00E7E4F5 /* PhoneInfoDemo.entitlements */ = {isa = PBXFileReference; lastKnownFileType = text.plist.entitlements; path = PhoneInfoDemo.entitlements; sourceTree = "<group>"; };
		5F101A6C1F3A9A5A00E7E4F5 /* SAMKeychain.h */ = {isa = PBXFileReference; fileEncoding = 4; lastKnownFileType = sourcecode.c.h; path = SAMKeychain.h; sourceTree = "<group>"; };
		5F101A6D1F3A9A5A00E7E4F5 /* SAMKeychain.m */ = {isa = PBXFileReference; fileEncoding = 4; lastKnownFileType = sourcecode.c.objc; path = SAMKeychain.m; sourceTree = "<group>"; };
		5F101A6E1F3A9A5A00E7E4F5 /* SAMKeychainQuery.h */ = {isa = PBXFileReference; fileEncoding = 4; lastKnownFileType = sourcecode.c.h; path = SAMKeychainQuery.h; sourceTree = "<group>"; };
		5F101A6F1F3A9A5A00E7E4F5 /* SAMKeychainQuery.m */ = {isa = PBXFileReference; fileEncoding = 4; lastKnownFileType = sourcecode.c.objc; path = SAMKeychainQuery.m; sourceTree = "<group>"; };
		5F3895451F301C0F008AD6E3 /* PhoneInfoDemo.app */ = {isa = PBXFileReference; explicitFileType = wrapper.application; includeInIndex = 0; path = PhoneInfoDemo.app; sourceTree = BUILT_PRODUCTS_DIR; };
		5F3895491F301C0F008AD6E3 /* main.m */ = {isa = PBXFileReference; lastKnownFileType = sourcecode.c.objc; path = main.m; sourceTree = "<group>"; };
		5F38954B1F301C0F008AD6E3 /* AppDelegate.h */ = {isa = PBXFileReference; lastKnownFileType = sourcecode.c.h; path = AppDelegate.h; sourceTree = "<group>"; };
		5F38954C1F301C0F008AD6E3 /* AppDelegate.m */ = {isa = PBXFileReference; lastKnownFileType = sourcecode.c.objc; path = AppDelegate.m; sourceTree = "<group>"; };
		5F38954E1F301C0F008AD6E3 /* ViewController.h */ = {isa = PBXFileReference; lastKnownFileType = sourcecode.c.h; path = ViewController.h; sourceTree = "<group>"; };
		5F38954F1F301C0F008AD6E3 /* ViewController.m */ = {isa = PBXFileReference; lastKnownFileType = sourcecode.c.objc; path = ViewController.m; sourceTree = "<group>"; };
		5F3895521F301C0F008AD6E3 /* Base */ = {isa = PBXFileReference; lastKnownFileType = file.storyboard; name = Base; path = Base.lproj/Main.storyboard; sourceTree = "<group>"; };
		5F3895541F301C0F008AD6E3 /* Assets.xcassets */ = {isa = PBXFileReference; lastKnownFileType = folder.assetcatalog; path = Assets.xcassets; sourceTree = "<group>"; };
		5F3895571F301C0F008AD6E3 /* Base */ = {isa = PBXFileReference; lastKnownFileType = file.storyboard; name = Base; path = Base.lproj/LaunchScreen.storyboard; sourceTree = "<group>"; };
		5F3895591F301C0F008AD6E3 /* Info.plist */ = {isa = PBXFileReference; lastKnownFileType = text.plist.xml; path = Info.plist; sourceTree = "<group>"; };
		5F38955F1F301D2A008AD6E3 /* UIDevice+Device.h */ = {isa = PBXFileReference; fileEncoding = 4; lastKnownFileType = sourcecode.c.h; path = "UIDevice+Device.h"; sourceTree = "<group>"; };
		5F3895601F301D2A008AD6E3 /* UIDevice+Device.m */ = {isa = PBXFileReference; fileEncoding = 4; lastKnownFileType = sourcecode.c.objc; path = "UIDevice+Device.m"; sourceTree = "<group>"; };
		5F3895661F304D9D008AD6E3 /* CoreTelephony.framework */ = {isa = PBXFileReference; lastKnownFileType = wrapper.framework; name = CoreTelephony.framework; path = System/Library/Frameworks/CoreTelephony.framework; sourceTree = SDKROOT; };
		5F38956A1F307D40008AD6E3 /* AddressBook.framework */ = {isa = PBXFileReference; lastKnownFileType = wrapper.framework; name = AddressBook.framework; path = System/Library/Frameworks/AddressBook.framework; sourceTree = SDKROOT; };
/* End PBXFileReference section */

/* Begin PBXFrameworksBuildPhase section */
		5F3895421F301C0F008AD6E3 /* Frameworks */ = {
			isa = PBXFrameworksBuildPhase;
			buildActionMask = 2147483647;
			files = (
				5F38956B1F307D40008AD6E3 /* AddressBook.framework in Frameworks */,
				5F3895671F304D9D008AD6E3 /* CoreTelephony.framework in Frameworks */,
			);
			runOnlyForDeploymentPostprocessing = 0;
		};
/* End PBXFrameworksBuildPhase section */

/* Begin PBXGroup section */
		5F101A6B1F3A9A5A00E7E4F5 /* SAMKeychain */ = {
			isa = PBXGroup;
			children = (
				5F101A6C1F3A9A5A00E7E4F5 /* SAMKeychain.h */,
				5F101A6D1F3A9A5A00E7E4F5 /* SAMKeychain.m */,
				5F101A6E1F3A9A5A00E7E4F5 /* SAMKeychainQuery.h */,
				5F101A6F1F3A9A5A00E7E4F5 /* SAMKeychainQuery.m */,
			);
			path = SAMKeychain;
			sourceTree = "<group>";
		};
		5F38953C1F301C0F008AD6E3 = {
			isa = PBXGroup;
			children = (
				5F3895471F301C0F008AD6E3 /* PhoneInfoDemo */,
				5F3895461F301C0F008AD6E3 /* Products */,
				5F3895651F304D9D008AD6E3 /* Frameworks */,
			);
			sourceTree = "<group>";
		};
		5F3895461F301C0F008AD6E3 /* Products */ = {
			isa = PBXGroup;
			children = (
				5F3895451F301C0F008AD6E3 /* PhoneInfoDemo.app */,
			);
			name = Products;
			sourceTree = "<group>";
		};
		5F3895471F301C0F008AD6E3 /* PhoneInfoDemo */ = {
			isa = PBXGroup;
			children = (
				5F101A691F3A99DA00E7E4F5 /* PhoneInfoDemo.entitlements */,
				5F38954B1F301C0F008AD6E3 /* AppDelegate.h */,
				5F38954C1F301C0F008AD6E3 /* AppDelegate.m */,
				5F38954E1F301C0F008AD6E3 /* ViewController.h */,
				5F38954F1F301C0F008AD6E3 /* ViewController.m */,
				5F38955F1F301D2A008AD6E3 /* UIDevice+Device.h */,
				5F3895601F301D2A008AD6E3 /* UIDevice+Device.m */,
				5F101A6B1F3A9A5A00E7E4F5 /* SAMKeychain */,
				5F3895511F301C0F008AD6E3 /* Main.storyboard */,
				5F3895541F301C0F008AD6E3 /* Assets.xcassets */,
				5F3895561F301C0F008AD6E3 /* LaunchScreen.storyboard */,
				5F3895591F301C0F008AD6E3 /* Info.plist */,
				5F3895481F301C0F008AD6E3 /* Supporting Files */,
			);
			path = PhoneInfoDemo;
			sourceTree = "<group>";
		};
		5F3895481F301C0F008AD6E3 /* Supporting Files */ = {
			isa = PBXGroup;
			children = (
				5F3895491F301C0F008AD6E3 /* main.m */,
			);
			name = "Supporting Files";
			sourceTree = "<group>";
		};
		5F3895651F304D9D008AD6E3 /* Frameworks */ = {
			isa = PBXGroup;
			children = (
				5F38956A1F307D40008AD6E3 /* AddressBook.framework */,
				5F3895661F304D9D008AD6E3 /* CoreTelephony.framework */,
			);
			name = Frameworks;
			sourceTree = "<group>";
		};
/* End PBXGroup section */

/* Begin PBXNativeTarget section */
		5F3895441F301C0F008AD6E3 /* PhoneInfoDemo */ = {
			isa = PBXNativeTarget;
			buildConfigurationList = 5F38955C1F301C0F008AD6E3 /* Build configuration list for PBXNativeTarget "PhoneInfoDemo" */;
			buildPhases = (
				5F3895411F301C0F008AD6E3 /* Sources */,
				5F3895421F301C0F008AD6E3 /* Frameworks */,
				5F3895431F301C0F008AD6E3 /* Resources */,
			);
			buildRules = (
			);
			dependencies = (
			);
			name = PhoneInfoDemo;
			productName = PhoneInfoDemo;
			productReference = 5F3895451F301C0F008AD6E3 /* PhoneInfoDemo.app */;
			productType = "com.apple.product-type.application";
		};
/* End PBXNativeTarget section */

/* Begin PBXProject section */
		5F38953D1F301C0F008AD6E3 /* Project object */ = {
			isa = PBXProject;
			attributes = {
				LastUpgradeCheck = 0830;
				ORGANIZATIONNAME = PacteraLF;
				TargetAttributes = {
					5F3895441F301C0F008AD6E3 = {
						CreatedOnToolsVersion = 8.3.2;
						DevelopmentTeam = 4BX77JHQHH;
						ProvisioningStyle = Automatic;
						SystemCapabilities = {
							com.apple.Keychain = {
								enabled = 1;
							};
						};
					};
				};
			};
			buildConfigurationList = 5F3895401F301C0F008AD6E3 /* Build configuration list for PBXProject "PhoneInfoDemo" */;
			compatibilityVersion = "Xcode 3.2";
			developmentRegion = English;
			hasScannedForEncodings = 0;
			knownRegions = (
				en,
				Base,
			);
			mainGroup = 5F38953C1F301C0F008AD6E3;
			productRefGroup = 5F3895461F301C0F008AD6E3 /* Products */;
			projectDirPath = "";
			projectRoot = "";
			targets = (
				5F3895441F301C0F008AD6E3 /* PhoneInfoDemo */,
			);
		};
/* End PBXProject section */

/* Begin PBXResourcesBuildPhase section */
		5F3895431F301C0F008AD6E3 /* Resources */ = {
			isa = PBXResourcesBuildPhase;
			buildActionMask = 2147483647;
			files = (
				5F3895581F301C0F008AD6E3 /* LaunchScreen.storyboard in Resources */,
				5F3895551F301C0F008AD6E3 /* Assets.xcassets in Resources */,
				5F3895531F301C0F008AD6E3 /* Main.storyboard in Resources */,
			);
			runOnlyForDeploymentPostprocessing = 0;
		};
/* End PBXResourcesBuildPhase section */

/* Begin PBXSourcesBuildPhase section */
		5F3895411F301C0F008AD6E3 /* Sources */ = {
			isa = PBXSourcesBuildPhase;
			buildActionMask = 2147483647;
			files = (
				5F3895501F301C0F008AD6E3 /* ViewController.m in Sources */,
				5F3895611F301D2A008AD6E3 /* UIDevice+Device.m in Sources */,
				5F101A711F3A9A5A00E7E4F5 /* SAMKeychainQuery.m in Sources */,
				5F101A701F3A9A5A00E7E4F5 /* SAMKeychain.m in Sources */,
				5F38954D1F301C0F008AD6E3 /* AppDelegate.m in Sources */,
				5F38954A1F301C0F008AD6E3 /* main.m in Sources */,
			);
			runOnlyForDeploymentPostprocessing = 0;
		};
/* End PBXSourcesBuildPhase section */

/* Begin PBXVariantGroup section */
		5F3895511F301C0F008AD6E3 /* Main.storyboard */ = {
			isa = PBXVariantGroup;
			children = (
				5F3895521F301C0F008AD6E3 /* Base */,
			);
			name = Main.storyboard;
			sourceTree = "<group>";
		};
		5F3895561F301C0F008AD6E3 /* LaunchScreen.storyboard */ = {
			isa = PBXVariantGroup;
			children = (
				5F3895571F301C0F008AD6E3 /* Base */,
			);
			name = LaunchScreen.storyboard;
			sourceTree = "<group>";
		};
/* End PBXVariantGroup section */

/* Begin XCBuildConfiguration section */
		5F38955A1F301C0F008AD6E3 /* Debug */ = {
			isa = XCBuildConfiguration;
			buildSettings = {
				ALWAYS_SEARCH_USER_PATHS = NO;
				CLANG_ANALYZER_NONNULL = YES;
				CLANG_ANALYZER_NUMBER_OBJECT_CONVERSION = YES_AGGRESSIVE;
				CLANG_CXX_LANGUAGE_STANDARD = "gnu++0x";
				CLANG_CXX_LIBRARY = "libc++";
				CLANG_ENABLE_MODULES = YES;
				CLANG_ENABLE_OBJC_ARC = YES;
				CLANG_WARN_BOOL_CONVERSION = YES;
				CLANG_WARN_CONSTANT_CONVERSION = YES;
				CLANG_WARN_DIRECT_OBJC_ISA_USAGE = YES_ERROR;
				CLANG_WARN_DOCUMENTATION_COMMENTS = YES;
				CLANG_WARN_EMPTY_BODY = YES;
				CLANG_WARN_ENUM_CONVERSION = YES;
				CLANG_WARN_INFINITE_RECURSION = YES;
				CLANG_WARN_INT_CONVERSION = YES;
				CLANG_WARN_OBJC_ROOT_CLASS = YES_ERROR;
				CLANG_WARN_SUSPICIOUS_MOVE = YES;
				CLANG_WARN_UNREACHABLE_CODE = YES;
				CLANG_WARN__DUPLICATE_METHOD_MATCH = YES;
				"CODE_SIGN_IDENTITY[sdk=iphoneos*]" = "iPhone Developer";
				COPY_PHASE_STRIP = NO;
				DEBUG_INFORMATION_FORMAT = dwarf;
				ENABLE_STRICT_OBJC_MSGSEND = YES;
				ENABLE_TESTABILITY = YES;
				GCC_C_LANGUAGE_STANDARD = gnu99;
				GCC_DYNAMIC_NO_PIC = NO;
				GCC_NO_COMMON_BLOCKS = YES;
				GCC_OPTIMIZATION_LEVEL = 0;
				GCC_PREPROCESSOR_DEFINITIONS = (
					"DEBUG=1",
					"$(inherited)",
				);
				GCC_WARN_64_TO_32_BIT_CONVERSION = YES;
				GCC_WARN_ABOUT_RETURN_TYPE = YES_ERROR;
				GCC_WARN_UNDECLARED_SELECTOR = YES;
				GCC_WARN_UNINITIALIZED_AUTOS = YES_AGGRESSIVE;
				GCC_WARN_UNUSED_FUNCTION = YES;
				GCC_WARN_UNUSED_VARIABLE = YES;
				IPHONEOS_DEPLOYMENT_TARGET = 10.3;
				MTL_ENABLE_DEBUG_INFO = YES;
				ONLY_ACTIVE_ARCH = YES;
				SDKROOT = iphoneos;
			};
			name = Debug;
		};
		5F38955B1F301C0F008AD6E3 /* Release */ = {
			isa = XCBuildConfiguration;
			buildSettings = {
				ALWAYS_SEARCH_USER_PATHS = NO;
				CLANG_ANALYZER_NONNULL = YES;
				CLANG_ANALYZER_NUMBER_OBJECT_CONVERSION = YES_AGGRESSIVE;
				CLANG_CXX_LANGUAGE_STANDARD = "gnu++0x";
				CLANG_CXX_LIBRARY = "libc++";
				CLANG_ENABLE_MODULES = YES;
				CLANG_ENABLE_OBJC_ARC = YES;
				CLANG_WARN_BOOL_CONVERSION = YES;
				CLANG_WARN_CONSTANT_CONVERSION = YES;
				CLANG_WARN_DIRECT_OBJC_ISA_USAGE = YES_ERROR;
				CLANG_WARN_DOCUMENTATION_COMMENTS = YES;
				CLANG_WARN_EMPTY_BODY = YES;
				CLANG_WARN_ENUM_CONVERSION = YES;
				CLANG_WARN_INFINITE_RECURSION = YES;
				CLANG_WARN_INT_CONVERSION = YES;
				CLANG_WARN_OBJC_ROOT_CLASS = YES_ERROR;
				CLANG_WARN_SUSPICIOUS_MOVE = YES;
				CLANG_WARN_UNREACHABLE_CODE = YES;
				CLANG_WARN__DUPLICATE_METHOD_MATCH = YES;
				"CODE_SIGN_IDENTITY[sdk=iphoneos*]" = "iPhone Developer";
				COPY_PHASE_STRIP = NO;
				DEBUG_INFORMATION_FORMAT = "dwarf-with-dsym";
				ENABLE_NS_ASSERTIONS = NO;
				ENABLE_STRICT_OBJC_MSGSEND = YES;
				GCC_C_LANGUAGE_STANDARD = gnu99;
				GCC_NO_COMMON_BLOCKS = YES;
				GCC_WARN_64_TO_32_BIT_CONVERSION = YES;
				GCC_WARN_ABOUT_RETURN_TYPE = YES_ERROR;
				GCC_WARN_UNDECLARED_SELECTOR = YES;
				GCC_WARN_UNINITIALIZED_AUTOS = YES_AGGRESSIVE;
				GCC_WARN_UNUSED_FUNCTION = YES;
				GCC_WARN_UNUSED_VARIABLE = YES;
				IPHONEOS_DEPLOYMENT_TARGET = 10.3;
				MTL_ENABLE_DEBUG_INFO = NO;
				SDKROOT = iphoneos;
				VALIDATE_PRODUCT = YES;
			};
			name = Release;
		};
		5F38955D1F301C0F008AD6E3 /* Debug */ = {
			isa = XCBuildConfiguration;
			buildSettings = {
				ASSETCATALOG_COMPILER_APPICON_NAME = AppIcon;
				CODE_SIGN_ENTITLEMENTS = PhoneInfoDemo/PhoneInfoDemo.entitlements;
				CODE_SIGN_IDENTITY = "iPhone Developer: Jiaqi Wang (ML39CFE2C8)";
				"CODE_SIGN_IDENTITY[sdk=iphoneos*]" = "iPhone Developer";
				DEVELOPMENT_TEAM = 4BX77JHQHH;
				INFOPLIST_FILE = PhoneInfoDemo/Info.plist;
				IPHONEOS_DEPLOYMENT_TARGET = 8.0;
				LD_RUNPATH_SEARCH_PATHS = "$(inherited) @executable_path/Frameworks";
				PRODUCT_BUNDLE_IDENTIFIER = com.lf.DeviceDemo;
				PRODUCT_NAME = "$(TARGET_NAME)";
				PROVISIONING_PROFILE = "";
				PROVISIONING_PROFILE_SPECIFIER = "";
			};
			name = Debug;
		};
		5F38955E1F301C0F008AD6E3 /* Release */ = {
			isa = XCBuildConfiguration;
			buildSettings = {
				ASSETCATALOG_COMPILER_APPICON_NAME = AppIcon;
				CODE_SIGN_ENTITLEMENTS = PhoneInfoDemo/PhoneInfoDemo.entitlements;
				CODE_SIGN_IDENTITY = "iPhone Developer: Jiaqi Wang (ML39CFE2C8)";
				"CODE_SIGN_IDENTITY[sdk=iphoneos*]" = "iPhone Developer";
				DEVELOPMENT_TEAM = 4BX77JHQHH;
				INFOPLIST_FILE = PhoneInfoDemo/Info.plist;
				IPHONEOS_DEPLOYMENT_TARGET = 8.0;
				LD_RUNPATH_SEARCH_PATHS = "$(inherited) @executable_path/Frameworks";
				PRODUCT_BUNDLE_IDENTIFIER = com.lf.DeviceDemo;
				PRODUCT_NAME = "$(TARGET_NAME)";
				PROVISIONING_PROFILE = "";
				PROVISIONING_PROFILE_SPECIFIER = "";
			};
			name = Release;
		};
/* End XCBuildConfiguration section */

/* Begin XCConfigurationList section */
		5F3895401F301C0F008AD6E3 /* Build configuration list for PBXProject "PhoneInfoDemo" */ = {
			isa = XCConfigurationList;
			buildConfigurations = (
				5F38955A1F301C0F008AD6E3 /* Debug */,
				5F38955B1F301C0F008AD6E3 /* Release */,
			);
			defaultConfigurationIsVisible = 0;
			defaultConfigurationName = Release;
		};
		5F38955C1F301C0F008AD6E3 /* Build configuration list for PBXNativeTarget "PhoneInfoDemo" */ = {
			isa = XCConfigurationList;
			buildConfigurations = (
				5F38955D1F301C0F008AD6E3 /* Debug */,
				5F38955E1F301C0F008AD6E3 /* Release */,
			);
			defaultConfigurationIsVisible = 0;
			defaultConfigurationName = Release;
		};
/* End XCConfigurationList section */
	};
	rootObject = 5F38953D1F301C0F008AD6E3 /* Project object */;
}
